
Microsoft Visual Studio Solution File, Format Version 12.00
# Visual Studio Version 17
VisualStudioVersion = 17.5.002.0
MinimumVisualStudioVersion = 10.0.40219.1
Project("{9A19103F-16F7-4668-BE54-9A1E7A4F7556}") = "02", "02.csproj", "{543AB77E-D15A-4FFB-AA0F-C673784616E0}"
EndProject
Global
	GlobalSection(SolutionConfigurationPlatforms) = preSolution
		Debug|Any CPU = Debug|Any CPU
		Release|Any CPU = Release|Any CPU
	EndGlobalSection
	GlobalSection(ProjectConfigurationPlatforms) = postSolution
		{543AB77E-D15A-4FFB-AA0F-C673784616E0}.Debug|Any CPU.ActiveCfg = Debug|Any CPU
		{543AB77E-D15A-4FFB-AA0F-C673784616E0}.Debug|Any CPU.Build.0 = Debug|Any CPU
		{543AB77E-D15A-4FFB-AA0F-C673784616E0}.Release|Any CPU.ActiveCfg = Release|Any CPU
		{543AB77E-D15A-4FFB-AA0F-C673784616E0}.Release|Any CPU.Build.0 = Release|Any CPU
	EndGlobalSection
	GlobalSection(SolutionProperties) = preSolution
		HideSolutionNode = FALSE
	EndGlobalSection
	GlobalSection(ExtensibilityGlobals) = postSolution
		SolutionGuid = {90EA5517-4363-4A35-83CB-7F448DC7EA6B}
	EndGlobalSection
EndGlobal
